
Microsoft Visual Studio Solution File, Format Version 12.00
# Visual Studio Version 17
VisualStudioVersion = 17.5.002.0
MinimumVisualStudioVersion = 10.0.40219.1
Project("{9A19103F-16F7-4668-BE54-9A1E7A4F7556}") = "HelloC#", "HelloC#.csproj", "{37EEC359-1EF0-47A1-9100-946D61871373}"
EndProject
Global
	GlobalSection(SolutionConfigurationPlatforms) = preSolution
		Debug|Any CPU = Debug|Any CPU
		Release|Any CPU = Release|Any CPU
	EndGlobalSection
	GlobalSection(ProjectConfigurationPlatforms) = postSolution
		{37EEC359-1EF0-47A1-9100-946D61871373}.Debug|Any CPU.ActiveCfg = Debug|Any CPU
		{37EEC359-1EF0-47A1-9100-946D61871373}.Debug|Any CPU.Build.0 = Debug|Any CPU
		{37EEC359-1EF0-47A1-9100-946D61871373}.Release|Any CPU.ActiveCfg = Release|Any CPU
		{37EEC359-1EF0-47A1-9100-946D61871373}.Release|Any CPU.Build.0 = Release|Any CPU
	EndGlobalSection
	GlobalSection(SolutionProperties) = preSolution
		HideSolutionNode = FALSE
	EndGlobalSection
	GlobalSection(ExtensibilityGlobals) = postSolution
		SolutionGuid = {A14841F8-CA5E-49C9-B5E5-D0983EE479AC}
	EndGlobalSection
EndGlobal
